
Microsoft Visual Studio Solution File, Format Version 12.00
# Visual Studio Version 17
VisualStudioVersion = 17.10.35013.160
MinimumVisualStudioVersion = 10.0.40219.1
Project("{FAE04EC0-301F-11D3-BF4B-00C04F79EFBC}") = "FuncAppClient", "FuncAppClient\FuncAppClient.csproj", "{8D01408B-3521-4E96-B2F6-ACD3A659C4DE}"
EndProject
Global
	GlobalSection(SolutionConfigurationPlatforms) = preSolution
		Debug|Any CPU = Debug|Any CPU
		Release|Any CPU = Release|Any CPU
	EndGlobalSection
	GlobalSection(ProjectConfigurationPlatforms) = postSolution
		{8D01408B-3521-4E96-B2F6-ACD3A659C4DE}.Debug|Any CPU.ActiveCfg = Debug|Any CPU
		{8D01408B-3521-4E96-B2F6-ACD3A659C4DE}.Debug|Any CPU.Build.0 = Debug|Any CPU
		{8D01408B-3521-4E96-B2F6-ACD3A659C4DE}.Release|Any CPU.ActiveCfg = Release|Any CPU
		{8D01408B-3521-4E96-B2F6-ACD3A659C4DE}.Release|Any CPU.Build.0 = Release|Any CPU
	EndGlobalSection
	GlobalSection(SolutionProperties) = preSolution
		HideSolutionNode = FALSE
	EndGlobalSection
	GlobalSection(ExtensibilityGlobals) = postSolution
		SolutionGuid = {16C6585C-C0ED-4FF7-B753-6A05EE73A9AC}
	EndGlobalSection
EndGlobal
